{
    "_readme": [
        "This file locks the dependencies of your project to a known state",
        "Read more about it at https://getcomposer.org/doc/01-basic-usage.md#composer-lock-the-lock-file",
        "This file is @generated automatically"
    ],
    "hash": "91a5eaa9c4112b5301bb803f688368c7",
    "content-hash": "320808ec5da48887493910453d413b0d",
    "packages": [
        {
            "name": "braincrafted/json",
            "version": "v0.3",
            "source": {
                "type": "git",
                "url": "https://github.com/braincrafted/json.git",
                "reference": "cc98d965b86f19c9ce077fa1de2f02a3b82e4282"
            },
            "dist": {
                "type": "zip",
                "url": "https://api.github.com/repos/braincrafted/json/zipball/cc98d965b86f19c9ce077fa1de2f02a3b82e4282",
                "reference": "cc98d965b86f19c9ce077fa1de2f02a3b82e4282",
                "shasum": ""
            },
            "require-dev": {
                "phpunit/phpunit": "3.7.x"
            },
            "type": "library",
            "autoload": {
                "psr-4": {
                    "Braincrafted\\Json\\": "src/"
                }
            },
            "notification-url": "https://packagist.org/downloads/",
            "license": [
                "MIT"
            ],
            "time": "2014-11-18 18:02:29"
        },
        {
            "name": "cocur/domain",
            "version": "dev-master",
            "source": {
                "type": "git",
                "url": "https://github.com/cocur/domain.git",
                "reference": "43311e0d2d36375e54851d8bde08b28178a6b4e4"
            },
            "dist": {
                "type": "zip",
                "url": "https://api.github.com/repos/cocur/domain/zipball/43311e0d2d36375e54851d8bde08b28178a6b4e4",
                "reference": "43311e0d2d36375e54851d8bde08b28178a6b4e4",
                "shasum": ""
            },
            "require": {
                "braincrafted/json": "~0.2",
                "php": ">=5.5"
            },
            "require-dev": {
                "kherge/box": "~2.4",
                "mockery/mockery": "~0.9",
                "phpunit/phpunit": "~4.0",
                "sami/sami": "~3.0",
                "satooshi/php-coveralls": "dev-master",
                "seld/jsonlint": "~1.1"
            },
            "type": "library",
            "autoload": {
                "psr-4": {
                    "Cocur\\Domain\\": "src"
                }
            },
            "notification-url": "https://packagist.org/downloads/",
            "license": [
                "MIT"
            ],
            "authors": [
                {
                    "name": "Florian Eckerstorfer",
                    "email": "florian@eckerstorfer.co",
                    "homepage": "http://florian.ec"
                }
            ],
            "description": "Check domain name availability and WHOIS",
            "keywords": [
                "domain",
                "whois"
            ],
            "time": "2016-06-15 12:58:48"
        }
    ],
    "packages-dev": [],
    "aliases": [],
    "minimum-stability": "stable",
    "stability-flags": {
        "cocur/domain": 20
    },
    "prefer-stable": false,
    "prefer-lowest": false,
    "platform": [],
    "platform-dev": []
}
